// !$*UTF8*$!
{
	archiveVersion = 1;
	classes = {
	};
	objectVersion = 56;
	objects = {

/* Begin PBXBuildFile section */
		1C60F20A2BCB874000DA46A9 /* PCGApp.swift in Sources */ = {isa = PBXBuildFile; fileRef = 1C60F2092BCB874000DA46A9 /* PCGApp.swift */; };
		1C60F20C2BCB874000DA46A9 /* ContentView.swift in Sources */ = {isa = PBXBuildFile; fileRef = 1C60F20B2BCB874000DA46A9 /* ContentView.swift */; };
		1C60F20E2BCB874300DA46A9 /* Assets.xcassets in Resources */ = {isa = PBXBuildFile; fileRef = 1C60F20D2BCB874300DA46A9 /* Assets.xcassets */; };
		1C60F2112BCB874300DA46A9 /* Preview Assets.xcassets in Resources */ = {isa = PBXBuildFile; fileRef = 1C60F2102BCB874300DA46A9 /* Preview Assets.xcassets */; };
		1C60F2222BCB888A00DA46A9 /* RouterView.swift in Sources */ = {isa = PBXBuildFile; fileRef = 1C60F2212BCB888A00DA46A9 /* RouterView.swift */; };
		1C60F2242BCB88BA00DA46A9 /* BattleView.swift in Sources */ = {isa = PBXBuildFile; fileRef = 1C60F2232BCB88BA00DA46A9 /* BattleView.swift */; };
		1C60F2262BCB88C600DA46A9 /* HomeView.swift in Sources */ = {isa = PBXBuildFile; fileRef = 1C60F2252BCB88C600DA46A9 /* HomeView.swift */; };
		1C60F2282BCB88E800DA46A9 /* HeightGap.swift in Sources */ = {isa = PBXBuildFile; fileRef = 1C60F2272BCB88E800DA46A9 /* HeightGap.swift */; };
		1C60F22A2BCB895000DA46A9 /* WidthGap.swift in Sources */ = {isa = PBXBuildFile; fileRef = 1C60F2292BCB895000DA46A9 /* WidthGap.swift */; };
		1C60F22C2BCB899200DA46A9 /* MyBattleZone.swift in Sources */ = {isa = PBXBuildFile; fileRef = 1C60F22B2BCB899200DA46A9 /* MyBattleZone.swift */; };
		1C60F22E2BCB89C300DA46A9 /* MyBench.swift in Sources */ = {isa = PBXBuildFile; fileRef = 1C60F22D2BCB89C300DA46A9 /* MyBench.swift */; };
		1C60F2302BCB89E300DA46A9 /* MyHand.swift in Sources */ = {isa = PBXBuildFile; fileRef = 1C60F22F2BCB89E300DA46A9 /* MyHand.swift */; };
		1C60F2332BCB8A0300DA46A9 /* OpponentBattleZone.swift in Sources */ = {isa = PBXBuildFile; fileRef = 1C60F2322BCB8A0300DA46A9 /* OpponentBattleZone.swift */; };
		1C60F2362BCB8A2500DA46A9 /* OpponentBench.swift in Sources */ = {isa = PBXBuildFile; fileRef = 1C60F2352BCB8A2500DA46A9 /* OpponentBench.swift */; };
		1C60F2382BCB8A4800DA46A9 /* OpponentHand.swift in Sources */ = {isa = PBXBuildFile; fileRef = 1C60F2372BCB8A4800DA46A9 /* OpponentHand.swift */; };
		1C60F23A2BCB8A7200DA46A9 /* Hexagon.swift in Sources */ = {isa = PBXBuildFile; fileRef = 1C60F2392BCB8A7200DA46A9 /* Hexagon.swift */; };
		1C60F23C2BCB8A9800DA46A9 /* RadiusButton.swift in Sources */ = {isa = PBXBuildFile; fileRef = 1C60F23B2BCB8A9800DA46A9 /* RadiusButton.swift */; };
		1C60F2402BCB8AF200DA46A9 /* Fonts.swift in Sources */ = {isa = PBXBuildFile; fileRef = 1C60F23F2BCB8AF200DA46A9 /* Fonts.swift */; };
		1C60F2422BCB8B2400DA46A9 /* Colors.swift in Sources */ = {isa = PBXBuildFile; fileRef = 1C60F2412BCB8B2400DA46A9 /* Colors.swift */; };
		1C60F2442BCB8B3D00DA46A9 /* Sizes.swift in Sources */ = {isa = PBXBuildFile; fileRef = 1C60F2432BCB8B3D00DA46A9 /* Sizes.swift */; };
		1C60F2462BCB8B8100DA46A9 /* CardViewModel.swift in Sources */ = {isa = PBXBuildFile; fileRef = 1C60F2452BCB8B8100DA46A9 /* CardViewModel.swift */; };
		1C60F2482BCB8C4C00DA46A9 /* Card.swift in Sources */ = {isa = PBXBuildFile; fileRef = 1C60F2472BCB8C4C00DA46A9 /* Card.swift */; };
		1C60F24A2BCB8C6200DA46A9 /* Energy.swift in Sources */ = {isa = PBXBuildFile; fileRef = 1C60F2492BCB8C6200DA46A9 /* Energy.swift */; };
		1C60F24C2BCB8C6F00DA46A9 /* ViewType.swift in Sources */ = {isa = PBXBuildFile; fileRef = 1C60F24B2BCB8C6F00DA46A9 /* ViewType.swift */; };
		1C60F24E2BCB8CBF00DA46A9 /* IDeckCreator.swift in Sources */ = {isa = PBXBuildFile; fileRef = 1C60F24D2BCB8CBF00DA46A9 /* IDeckCreator.swift */; };
		1C60F2502BCB8F2C00DA46A9 /* CardCategory.swift in Sources */ = {isa = PBXBuildFile; fileRef = 1C60F24F2BCB8F2C00DA46A9 /* CardCategory.swift */; };
		1C60F2522BCB9AA100DA46A9 /* FireDeckCreator.swift in Sources */ = {isa = PBXBuildFile; fileRef = 1C60F2512BCB9AA100DA46A9 /* FireDeckCreator.swift */; };
		1C60F2542BCB9B7300DA46A9 /* WaterDeckCreator.swift in Sources */ = {isa = PBXBuildFile; fileRef = 1C60F2532BCB9B7300DA46A9 /* WaterDeckCreator.swift */; };
		1C60F2562BCB9C6700DA46A9 /* GlassDeckCreator.swift in Sources */ = {isa = PBXBuildFile; fileRef = 1C60F2552BCB9C6700DA46A9 /* GlassDeckCreator.swift */; };
		1C60F2582BCB9D1A00DA46A9 /* ElectricDeckCreator.swift in Sources */ = {isa = PBXBuildFile; fileRef = 1C60F2572BCB9D1A00DA46A9 /* ElectricDeckCreator.swift */; };
		1C60F25A2BCB9DF200DA46A9 /* FightingDeckCreator.swift in Sources */ = {isa = PBXBuildFile; fileRef = 1C60F2592BCB9DF200DA46A9 /* FightingDeckCreator.swift */; };
		1C60F25C2BCB9EFF00DA46A9 /* DeckCreatorFactory.swift in Sources */ = {isa = PBXBuildFile; fileRef = 1C60F25B2BCB9EFF00DA46A9 /* DeckCreatorFactory.swift */; };
		1C60F25E2BCB9F2D00DA46A9 /* DeckType.swift in Sources */ = {isa = PBXBuildFile; fileRef = 1C60F25D2BCB9F2D00DA46A9 /* DeckType.swift */; };
		1C60F2602BCBA3AE00DA46A9 /* DeckModel.swift in Sources */ = {isa = PBXBuildFile; fileRef = 1C60F25F2BCBA3AE00DA46A9 /* DeckModel.swift */; };
		1C60F2622BCBA9EE00DA46A9 /* PokemonCardProvider.swift in Sources */ = {isa = PBXBuildFile; fileRef = 1C60F2612BCBA9EE00DA46A9 /* PokemonCardProvider.swift */; };
		1C60F2642BCBAB5B00DA46A9 /* PokemonCard.swift in Sources */ = {isa = PBXBuildFile; fileRef = 1C60F2632BCBAB5B00DA46A9 /* PokemonCard.swift */; };
		1C60F2662BCBABA600DA46A9 /* Move.swift in Sources */ = {isa = PBXBuildFile; fileRef = 1C60F2652BCBABA600DA46A9 /* Move.swift */; };
		1C60F2682BCBAC2D00DA46A9 /* Evolution.swift in Sources */ = {isa = PBXBuildFile; fileRef = 1C60F2672BCBAC2D00DA46A9 /* Evolution.swift */; };
		1C60F26A2BCBAC8600DA46A9 /* PokemonCardCategory.swift in Sources */ = {isa = PBXBuildFile; fileRef = 1C60F2692BCBAC8600DA46A9 /* PokemonCardCategory.swift */; };
		1C60F26C2BCBAE7500DA46A9 /* MoveProvider.swift in Sources */ = {isa = PBXBuildFile; fileRef = 1C60F26B2BCBAE7500DA46A9 /* MoveProvider.swift */; };
		1C60F26F2BCBAED100DA46A9 /* MoveData.swift in Sources */ = {isa = PBXBuildFile; fileRef = 1C60F26E2BCBAED100DA46A9 /* MoveData.swift */; };
		1C60F2712BCBAF7000DA46A9 /* PokemonCardData.swift in Sources */ = {isa = PBXBuildFile; fileRef = 1C60F2702BCBAF7000DA46A9 /* PokemonCardData.swift */; };
		1C60F2732BCBB22200DA46A9 /* EnergyCard.swift in Sources */ = {isa = PBXBuildFile; fileRef = 1C60F2722BCBB22200DA46A9 /* EnergyCard.swift */; };
		1C60F2752BCBB28400DA46A9 /* EnergyCardData.swift in Sources */ = {isa = PBXBuildFile; fileRef = 1C60F2742BCBB28400DA46A9 /* EnergyCardData.swift */; };
		1C60F2772BCBB31400DA46A9 /* EnergyCardProvider.swift in Sources */ = {isa = PBXBuildFile; fileRef = 1C60F2762BCBB31400DA46A9 /* EnergyCardProvider.swift */; };
		1C60F2792BCBB8BA00DA46A9 /* TrainersCard.swift in Sources */ = {isa = PBXBuildFile; fileRef = 1C60F2782BCBB8BA00DA46A9 /* TrainersCard.swift */; };
		1C60F27B2BCBB95000DA46A9 /* TrainersEffective.swift in Sources */ = {isa = PBXBuildFile; fileRef = 1C60F27A2BCBB95000DA46A9 /* TrainersEffective.swift */; };
		1C60F27D2BCBBA1200DA46A9 /* TrainersCardData.swift in Sources */ = {isa = PBXBuildFile; fileRef = 1C60F27C2BCBBA1200DA46A9 /* TrainersCardData.swift */; };
		1C60F27F2BCBBAD200DA46A9 /* TrainersEffectiveData.swift in Sources */ = {isa = PBXBuildFile; fileRef = 1C60F27E2BCBBAD200DA46A9 /* TrainersEffectiveData.swift */; };
		1C60F2812BCBBBBA00DA46A9 /* TrainersEffectiveProvider.swift in Sources */ = {isa = PBXBuildFile; fileRef = 1C60F2802BCBBBBA00DA46A9 /* TrainersEffectiveProvider.swift */; };
		1C60F2852BCBC1D000DA46A9 /* PokemonUICard.swift in Sources */ = {isa = PBXBuildFile; fileRef = 1C60F2842BCBC1D000DA46A9 /* PokemonUICard.swift */; };
		1C60F2872BCBC36200DA46A9 /* EnergyUICard.swift in Sources */ = {isa = PBXBuildFile; fileRef = 1C60F2862BCBC36200DA46A9 /* EnergyUICard.swift */; };
		1C60F2892BCBC3E600DA46A9 /* TrainersUICard.swift in Sources */ = {isa = PBXBuildFile; fileRef = 1C60F2882BCBC3E600DA46A9 /* TrainersUICard.swift */; };
		1C60F28B2BCBC51B00DA46A9 /* BattleZoneModel.swift in Sources */ = {isa = PBXBuildFile; fileRef = 1C60F28A2BCBC51B00DA46A9 /* BattleZoneModel.swift */; };
		1C60F28E2BCBDC3100DA46A9 /* PokemonCardConverter.swift in Sources */ = {isa = PBXBuildFile; fileRef = 1C60F28D2BCBDC3100DA46A9 /* PokemonCardConverter.swift */; };
		1C60F2902BCBE6F900DA46A9 /* BenchModel.swift in Sources */ = {isa = PBXBuildFile; fileRef = 1C60F28F2BCBE6F900DA46A9 /* BenchModel.swift */; };
/* End PBXBuildFile section */

/* Begin PBXFileReference section */
		1C60F2062BCB874000DA46A9 /* PCG.app */ = {isa = PBXFileReference; explicitFileType = wrapper.application; includeInIndex = 0; path = PCG.app; sourceTree = BUILT_PRODUCTS_DIR; };
		1C60F2092BCB874000DA46A9 /* PCGApp.swift */ = {isa = PBXFileReference; lastKnownFileType = sourcecode.swift; path = PCGApp.swift; sourceTree = "<group>"; };
		1C60F20B2BCB874000DA46A9 /* ContentView.swift */ = {isa = PBXFileReference; lastKnownFileType = sourcecode.swift; path = ContentView.swift; sourceTree = "<group>"; };
		1C60F20D2BCB874300DA46A9 /* Assets.xcassets */ = {isa = PBXFileReference; lastKnownFileType = folder.assetcatalog; path = Assets.xcassets; sourceTree = "<group>"; };
		1C60F2102BCB874300DA46A9 /* Preview Assets.xcassets */ = {isa = PBXFileReference; lastKnownFileType = folder.assetcatalog; path = "Preview Assets.xcassets"; sourceTree = "<group>"; };
		1C60F2212BCB888A00DA46A9 /* RouterView.swift */ = {isa = PBXFileReference; lastKnownFileType = sourcecode.swift; path = RouterView.swift; sourceTree = "<group>"; };
		1C60F2232BCB88BA00DA46A9 /* BattleView.swift */ = {isa = PBXFileReference; lastKnownFileType = sourcecode.swift; path = BattleView.swift; sourceTree = "<group>"; };
		1C60F2252BCB88C600DA46A9 /* HomeView.swift */ = {isa = PBXFileReference; lastKnownFileType = sourcecode.swift; path = HomeView.swift; sourceTree = "<group>"; };
		1C60F2272BCB88E800DA46A9 /* HeightGap.swift */ = {isa = PBXFileReference; lastKnownFileType = sourcecode.swift; path = HeightGap.swift; sourceTree = "<group>"; };
		1C60F2292BCB895000DA46A9 /* WidthGap.swift */ = {isa = PBXFileReference; lastKnownFileType = sourcecode.swift; path = WidthGap.swift; sourceTree = "<group>"; };
		1C60F22B2BCB899200DA46A9 /* MyBattleZone.swift */ = {isa = PBXFileReference; lastKnownFileType = sourcecode.swift; path = MyBattleZone.swift; sourceTree = "<group>"; };
		1C60F22D2BCB89C300DA46A9 /* MyBench.swift */ = {isa = PBXFileReference; lastKnownFileType = sourcecode.swift; path = MyBench.swift; sourceTree = "<group>"; };
		1C60F22F2BCB89E300DA46A9 /* MyHand.swift */ = {isa = PBXFileReference; lastKnownFileType = sourcecode.swift; path = MyHand.swift; sourceTree = "<group>"; };
		1C60F2322BCB8A0300DA46A9 /* OpponentBattleZone.swift */ = {isa = PBXFileReference; lastKnownFileType = sourcecode.swift; path = OpponentBattleZone.swift; sourceTree = "<group>"; };
		1C60F2352BCB8A2500DA46A9 /* OpponentBench.swift */ = {isa = PBXFileReference; lastKnownFileType = sourcecode.swift; path = OpponentBench.swift; sourceTree = "<group>"; };
		1C60F2372BCB8A4800DA46A9 /* OpponentHand.swift */ = {isa = PBXFileReference; lastKnownFileType = sourcecode.swift; path = OpponentHand.swift; sourceTree = "<group>"; };
		1C60F2392BCB8A7200DA46A9 /* Hexagon.swift */ = {isa = PBXFileReference; lastKnownFileType = sourcecode.swift; path = Hexagon.swift; sourceTree = "<group>"; };
		1C60F23B2BCB8A9800DA46A9 /* RadiusButton.swift */ = {isa = PBXFileReference; lastKnownFileType = sourcecode.swift; path = RadiusButton.swift; sourceTree = "<group>"; };
		1C60F23F2BCB8AF200DA46A9 /* Fonts.swift */ = {isa = PBXFileReference; lastKnownFileType = sourcecode.swift; path = Fonts.swift; sourceTree = "<group>"; };
		1C60F2412BCB8B2400DA46A9 /* Colors.swift */ = {isa = PBXFileReference; lastKnownFileType = sourcecode.swift; path = Colors.swift; sourceTree = "<group>"; };
		1C60F2432BCB8B3D00DA46A9 /* Sizes.swift */ = {isa = PBXFileReference; lastKnownFileType = sourcecode.swift; path = Sizes.swift; sourceTree = "<group>"; };
		1C60F2452BCB8B8100DA46A9 /* CardViewModel.swift */ = {isa = PBXFileReference; lastKnownFileType = sourcecode.swift; path = CardViewModel.swift; sourceTree = "<group>"; };
		1C60F2472BCB8C4C00DA46A9 /* Card.swift */ = {isa = PBXFileReference; lastKnownFileType = sourcecode.swift; path = Card.swift; sourceTree = "<group>"; };
		1C60F2492BCB8C6200DA46A9 /* Energy.swift */ = {isa = PBXFileReference; lastKnownFileType = sourcecode.swift; path = Energy.swift; sourceTree = "<group>"; };
		1C60F24B2BCB8C6F00DA46A9 /* ViewType.swift */ = {isa = PBXFileReference; lastKnownFileType = sourcecode.swift; path = ViewType.swift; sourceTree = "<group>"; };
		1C60F24D2BCB8CBF00DA46A9 /* IDeckCreator.swift */ = {isa = PBXFileReference; lastKnownFileType = sourcecode.swift; path = IDeckCreator.swift; sourceTree = "<group>"; };
		1C60F24F2BCB8F2C00DA46A9 /* CardCategory.swift */ = {isa = PBXFileReference; lastKnownFileType = sourcecode.swift; path = CardCategory.swift; sourceTree = "<group>"; };
		1C60F2512BCB9AA100DA46A9 /* FireDeckCreator.swift */ = {isa = PBXFileReference; lastKnownFileType = sourcecode.swift; path = FireDeckCreator.swift; sourceTree = "<group>"; };
		1C60F2532BCB9B7300DA46A9 /* WaterDeckCreator.swift */ = {isa = PBXFileReference; lastKnownFileType = sourcecode.swift; path = WaterDeckCreator.swift; sourceTree = "<group>"; };
		1C60F2552BCB9C6700DA46A9 /* GlassDeckCreator.swift */ = {isa = PBXFileReference; lastKnownFileType = sourcecode.swift; path = GlassDeckCreator.swift; sourceTree = "<group>"; };
		1C60F2572BCB9D1A00DA46A9 /* ElectricDeckCreator.swift */ = {isa = PBXFileReference; lastKnownFileType = sourcecode.swift; path = ElectricDeckCreator.swift; sourceTree = "<group>"; };
		1C60F2592BCB9DF200DA46A9 /* FightingDeckCreator.swift */ = {isa = PBXFileReference; lastKnownFileType = sourcecode.swift; path = FightingDeckCreator.swift; sourceTree = "<group>"; };
		1C60F25B2BCB9EFF00DA46A9 /* DeckCreatorFactory.swift */ = {isa = PBXFileReference; lastKnownFileType = sourcecode.swift; path = DeckCreatorFactory.swift; sourceTree = "<group>"; };
		1C60F25D2BCB9F2D00DA46A9 /* DeckType.swift */ = {isa = PBXFileReference; lastKnownFileType = sourcecode.swift; path = DeckType.swift; sourceTree = "<group>"; };
		1C60F25F2BCBA3AE00DA46A9 /* DeckModel.swift */ = {isa = PBXFileReference; lastKnownFileType = sourcecode.swift; path = DeckModel.swift; sourceTree = "<group>"; };
		1C60F2612BCBA9EE00DA46A9 /* PokemonCardProvider.swift */ = {isa = PBXFileReference; lastKnownFileType = sourcecode.swift; path = PokemonCardProvider.swift; sourceTree = "<group>"; };
		1C60F2632BCBAB5B00DA46A9 /* PokemonCard.swift */ = {isa = PBXFileReference; lastKnownFileType = sourcecode.swift; path = PokemonCard.swift; sourceTree = "<group>"; };
		1C60F2652BCBABA600DA46A9 /* Move.swift */ = {isa = PBXFileReference; lastKnownFileType = sourcecode.swift; path = Move.swift; sourceTree = "<group>"; };
		1C60F2672BCBAC2D00DA46A9 /* Evolution.swift */ = {isa = PBXFileReference; lastKnownFileType = sourcecode.swift; path = Evolution.swift; sourceTree = "<group>"; };
		1C60F2692BCBAC8600DA46A9 /* PokemonCardCategory.swift */ = {isa = PBXFileReference; lastKnownFileType = sourcecode.swift; path = PokemonCardCategory.swift; sourceTree = "<group>"; };
		1C60F26B2BCBAE7500DA46A9 /* MoveProvider.swift */ = {isa = PBXFileReference; lastKnownFileType = sourcecode.swift; path = MoveProvider.swift; sourceTree = "<group>"; };
		1C60F26E2BCBAED100DA46A9 /* MoveData.swift */ = {isa = PBXFileReference; lastKnownFileType = sourcecode.swift; path = MoveData.swift; sourceTree = "<group>"; };
		1C60F2702BCBAF7000DA46A9 /* PokemonCardData.swift */ = {isa = PBXFileReference; lastKnownFileType = sourcecode.swift; path = PokemonCardData.swift; sourceTree = "<group>"; };
		1C60F2722BCBB22200DA46A9 /* EnergyCard.swift */ = {isa = PBXFileReference; lastKnownFileType = sourcecode.swift; path = EnergyCard.swift; sourceTree = "<group>"; };
		1C60F2742BCBB28400DA46A9 /* EnergyCardData.swift */ = {isa = PBXFileReference; lastKnownFileType = sourcecode.swift; path = EnergyCardData.swift; sourceTree = "<group>"; };
		1C60F2762BCBB31400DA46A9 /* EnergyCardProvider.swift */ = {isa = PBXFileReference; lastKnownFileType = sourcecode.swift; path = EnergyCardProvider.swift; sourceTree = "<group>"; };
		1C60F2782BCBB8BA00DA46A9 /* TrainersCard.swift */ = {isa = PBXFileReference; lastKnownFileType = sourcecode.swift; path = TrainersCard.swift; sourceTree = "<group>"; };
		1C60F27A2BCBB95000DA46A9 /* TrainersEffective.swift */ = {isa = PBXFileReference; lastKnownFileType = sourcecode.swift; path = TrainersEffective.swift; sourceTree = "<group>"; };
		1C60F27C2BCBBA1200DA46A9 /* TrainersCardData.swift */ = {isa = PBXFileReference; lastKnownFileType = sourcecode.swift; path = TrainersCardData.swift; sourceTree = "<group>"; };
		1C60F27E2BCBBAD200DA46A9 /* TrainersEffectiveData.swift */ = {isa = PBXFileReference; lastKnownFileType = sourcecode.swift; path = TrainersEffectiveData.swift; sourceTree = "<group>"; };
		1C60F2802BCBBBBA00DA46A9 /* TrainersEffectiveProvider.swift */ = {isa = PBXFileReference; lastKnownFileType = sourcecode.swift; path = TrainersEffectiveProvider.swift; sourceTree = "<group>"; };
		1C60F2842BCBC1D000DA46A9 /* PokemonUICard.swift */ = {isa = PBXFileReference; lastKnownFileType = sourcecode.swift; path = PokemonUICard.swift; sourceTree = "<group>"; };
		1C60F2862BCBC36200DA46A9 /* EnergyUICard.swift */ = {isa = PBXFileReference; lastKnownFileType = sourcecode.swift; path = EnergyUICard.swift; sourceTree = "<group>"; };
		1C60F2882BCBC3E600DA46A9 /* TrainersUICard.swift */ = {isa = PBXFileReference; lastKnownFileType = sourcecode.swift; path = TrainersUICard.swift; sourceTree = "<group>"; };
		1C60F28A2BCBC51B00DA46A9 /* BattleZoneModel.swift */ = {isa = PBXFileReference; lastKnownFileType = sourcecode.swift; path = BattleZoneModel.swift; sourceTree = "<group>"; };
		1C60F28D2BCBDC3100DA46A9 /* PokemonCardConverter.swift */ = {isa = PBXFileReference; lastKnownFileType = sourcecode.swift; path = PokemonCardConverter.swift; sourceTree = "<group>"; };
		1C60F28F2BCBE6F900DA46A9 /* BenchModel.swift */ = {isa = PBXFileReference; lastKnownFileType = sourcecode.swift; path = BenchModel.swift; sourceTree = "<group>"; };
/* End PBXFileReference section */

/* Begin PBXFrameworksBuildPhase section */
		1C60F2032BCB874000DA46A9 /* Frameworks */ = {
			isa = PBXFrameworksBuildPhase;
			buildActionMask = 2147483647;
			files = (
			);
			runOnlyForDeploymentPostprocessing = 0;
		};
/* End PBXFrameworksBuildPhase section */

/* Begin PBXGroup section */
		1C60F1FD2BCB874000DA46A9 = {
			isa = PBXGroup;
			children = (
				1C60F2082BCB874000DA46A9 /* PCG */,
				1C60F2072BCB874000DA46A9 /* Products */,
			);
			sourceTree = "<group>";
		};
		1C60F2072BCB874000DA46A9 /* Products */ = {
			isa = PBXGroup;
			children = (
				1C60F2062BCB874000DA46A9 /* PCG.app */,
			);
			name = Products;
			sourceTree = "<group>";
		};
		1C60F2082BCB874000DA46A9 /* PCG */ = {
			isa = PBXGroup;
			children = (
				1C60F2192BCB881500DA46A9 /* Models */,
				1C60F2182BCB880E00DA46A9 /* ViewModels */,
				1C60F2172BCB880500DA46A9 /* Views */,
				1C60F2092BCB874000DA46A9 /* PCGApp.swift */,
				1C60F20B2BCB874000DA46A9 /* ContentView.swift */,
				1C60F20D2BCB874300DA46A9 /* Assets.xcassets */,
				1C60F20F2BCB874300DA46A9 /* Preview Content */,
			);
			path = PCG;
			sourceTree = "<group>";
		};
		1C60F20F2BCB874300DA46A9 /* Preview Content */ = {
			isa = PBXGroup;
			children = (
				1C60F2102BCB874300DA46A9 /* Preview Assets.xcassets */,
			);
			path = "Preview Content";
			sourceTree = "<group>";
		};
		1C60F2172BCB880500DA46A9 /* Views */ = {
			isa = PBXGroup;
			children = (
				1C60F21E2BCB884400DA46A9 /* Dialogs */,
				1C60F21D2BCB883C00DA46A9 /* Pages */,
				1C60F21C2BCB883500DA46A9 /* Router */,
				1C60F21B2BCB882F00DA46A9 /* Theme */,
				1C60F21A2BCB881C00DA46A9 /* Widgets */,
			);
			path = Views;
			sourceTree = "<group>";
		};
		1C60F2182BCB880E00DA46A9 /* ViewModels */ = {
			isa = PBXGroup;
			children = (
				1C60F2452BCB8B8100DA46A9 /* CardViewModel.swift */,
			);
			path = ViewModels;
			sourceTree = "<group>";
		};
		1C60F2192BCB881500DA46A9 /* Models */ = {
			isa = PBXGroup;
			children = (
				1C60F26D2BCBAEBE00DA46A9 /* DataBase */,
				1C60F2202BCB885700DA46A9 /* Features */,
				1C60F21F2BCB885200DA46A9 /* Types */,
			);
			path = Models;
			sourceTree = "<group>";
		};
		1C60F21A2BCB881C00DA46A9 /* Widgets */ = {
			isa = PBXGroup;
			children = (
				1C60F2272BCB88E800DA46A9 /* HeightGap.swift */,
				1C60F2292BCB895000DA46A9 /* WidthGap.swift */,
				1C60F22B2BCB899200DA46A9 /* MyBattleZone.swift */,
				1C60F22D2BCB89C300DA46A9 /* MyBench.swift */,
				1C60F22F2BCB89E300DA46A9 /* MyHand.swift */,
				1C60F2322BCB8A0300DA46A9 /* OpponentBattleZone.swift */,
				1C60F2352BCB8A2500DA46A9 /* OpponentBench.swift */,
				1C60F2372BCB8A4800DA46A9 /* OpponentHand.swift */,
				1C60F2392BCB8A7200DA46A9 /* Hexagon.swift */,
				1C60F23B2BCB8A9800DA46A9 /* RadiusButton.swift */,
			);
			path = Widgets;
			sourceTree = "<group>";
		};
		1C60F21B2BCB882F00DA46A9 /* Theme */ = {
			isa = PBXGroup;
			children = (
				1C60F23F2BCB8AF200DA46A9 /* Fonts.swift */,
				1C60F2412BCB8B2400DA46A9 /* Colors.swift */,
				1C60F2432BCB8B3D00DA46A9 /* Sizes.swift */,
			);
			path = Theme;
			sourceTree = "<group>";
		};
		1C60F21C2BCB883500DA46A9 /* Router */ = {
			isa = PBXGroup;
			children = (
				1C60F2212BCB888A00DA46A9 /* RouterView.swift */,
			);
			path = Router;
			sourceTree = "<group>";
		};
		1C60F21D2BCB883C00DA46A9 /* Pages */ = {
			isa = PBXGroup;
			children = (
				1C60F2232BCB88BA00DA46A9 /* BattleView.swift */,
				1C60F2252BCB88C600DA46A9 /* HomeView.swift */,
			);
			path = Pages;
			sourceTree = "<group>";
		};
		1C60F21E2BCB884400DA46A9 /* Dialogs */ = {
			isa = PBXGroup;
			children = (
			);
			path = Dialogs;
			sourceTree = "<group>";
		};
		1C60F21F2BCB885200DA46A9 /* Types */ = {
			isa = PBXGroup;
			children = (
				1C60F2472BCB8C4C00DA46A9 /* Card.swift */,
				1C60F2492BCB8C6200DA46A9 /* Energy.swift */,
				1C60F24B2BCB8C6F00DA46A9 /* ViewType.swift */,
				1C60F24F2BCB8F2C00DA46A9 /* CardCategory.swift */,
				1C60F25D2BCB9F2D00DA46A9 /* DeckType.swift */,
				1C60F2632BCBAB5B00DA46A9 /* PokemonCard.swift */,
				1C60F2652BCBABA600DA46A9 /* Move.swift */,
				1C60F2672BCBAC2D00DA46A9 /* Evolution.swift */,
				1C60F2692BCBAC8600DA46A9 /* PokemonCardCategory.swift */,
				1C60F2722BCBB22200DA46A9 /* EnergyCard.swift */,
				1C60F2782BCBB8BA00DA46A9 /* TrainersCard.swift */,
				1C60F27A2BCBB95000DA46A9 /* TrainersEffective.swift */,
				1C60F2842BCBC1D000DA46A9 /* PokemonUICard.swift */,
				1C60F2862BCBC36200DA46A9 /* EnergyUICard.swift */,
				1C60F2882BCBC3E600DA46A9 /* TrainersUICard.swift */,
			);
			path = Types;
			sourceTree = "<group>";
		};
		1C60F2202BCB885700DA46A9 /* Features */ = {
			isa = PBXGroup;
			children = (
				1C60F28A2BCBC51B00DA46A9 /* BattleZoneModel.swift */,
				1C60F24D2BCB8CBF00DA46A9 /* IDeckCreator.swift */,
				1C60F2512BCB9AA100DA46A9 /* FireDeckCreator.swift */,
				1C60F2532BCB9B7300DA46A9 /* WaterDeckCreator.swift */,
				1C60F2552BCB9C6700DA46A9 /* GlassDeckCreator.swift */,
				1C60F2572BCB9D1A00DA46A9 /* ElectricDeckCreator.swift */,
				1C60F2592BCB9DF200DA46A9 /* FightingDeckCreator.swift */,
				1C60F25B2BCB9EFF00DA46A9 /* DeckCreatorFactory.swift */,
				1C60F25F2BCBA3AE00DA46A9 /* DeckModel.swift */,
				1C60F2612BCBA9EE00DA46A9 /* PokemonCardProvider.swift */,
				1C60F26B2BCBAE7500DA46A9 /* MoveProvider.swift */,
				1C60F2762BCBB31400DA46A9 /* EnergyCardProvider.swift */,
				1C60F2802BCBBBBA00DA46A9 /* TrainersEffectiveProvider.swift */,
				1C60F28D2BCBDC3100DA46A9 /* PokemonCardConverter.swift */,
				1C60F28F2BCBE6F900DA46A9 /* BenchModel.swift */,
			);
			path = Features;
			sourceTree = "<group>";
		};
		1C60F26D2BCBAEBE00DA46A9 /* DataBase */ = {
			isa = PBXGroup;
			children = (
				1C60F26E2BCBAED100DA46A9 /* MoveData.swift */,
				1C60F2702BCBAF7000DA46A9 /* PokemonCardData.swift */,
				1C60F2742BCBB28400DA46A9 /* EnergyCardData.swift */,
				1C60F27C2BCBBA1200DA46A9 /* TrainersCardData.swift */,
				1C60F27E2BCBBAD200DA46A9 /* TrainersEffectiveData.swift */,
			);
			path = DataBase;
			sourceTree = "<group>";
		};
/* End PBXGroup section */

/* Begin PBXNativeTarget section */
		1C60F2052BCB874000DA46A9 /* PCG */ = {
			isa = PBXNativeTarget;
			buildConfigurationList = 1C60F2142BCB874300DA46A9 /* Build configuration list for PBXNativeTarget "PCG" */;
			buildPhases = (
				1C60F2022BCB874000DA46A9 /* Sources */,
				1C60F2032BCB874000DA46A9 /* Frameworks */,
				1C60F2042BCB874000DA46A9 /* Resources */,
			);
			buildRules = (
			);
			dependencies = (
			);
			name = PCG;
			productName = PCG;
			productReference = 1C60F2062BCB874000DA46A9 /* PCG.app */;
			productType = "com.apple.product-type.application";
		};
/* End PBXNativeTarget section */

/* Begin PBXProject section */
		1C60F1FE2BCB874000DA46A9 /* Project object */ = {
			isa = PBXProject;
			attributes = {
				BuildIndependentTargetsInParallel = 1;
				LastSwiftUpdateCheck = 1530;
				LastUpgradeCheck = 1530;
				TargetAttributes = {
					1C60F2052BCB874000DA46A9 = {
						CreatedOnToolsVersion = 15.3;
					};
				};
			};
			buildConfigurationList = 1C60F2012BCB874000DA46A9 /* Build configuration list for PBXProject "PCG" */;
			compatibilityVersion = "Xcode 14.0";
			developmentRegion = en;
			hasScannedForEncodings = 0;
			knownRegions = (
				en,
				Base,
			);
			mainGroup = 1C60F1FD2BCB874000DA46A9;
			productRefGroup = 1C60F2072BCB874000DA46A9 /* Products */;
			projectDirPath = "";
			projectRoot = "";
			targets = (
				1C60F2052BCB874000DA46A9 /* PCG */,
			);
		};
/* End PBXProject section */

/* Begin PBXResourcesBuildPhase section */
		1C60F2042BCB874000DA46A9 /* Resources */ = {
			isa = PBXResourcesBuildPhase;
			buildActionMask = 2147483647;
			files = (
				1C60F2112BCB874300DA46A9 /* Preview Assets.xcassets in Resources */,
				1C60F20E2BCB874300DA46A9 /* Assets.xcassets in Resources */,
			);
			runOnlyForDeploymentPostprocessing = 0;
		};
/* End PBXResourcesBuildPhase section */

/* Begin PBXSourcesBuildPhase section */
		1C60F2022BCB874000DA46A9 /* Sources */ = {
			isa = PBXSourcesBuildPhase;
			buildActionMask = 2147483647;
			files = (
				1C60F27B2BCBB95000DA46A9 /* TrainersEffective.swift in Sources */,
				1C60F2662BCBABA600DA46A9 /* Move.swift in Sources */,
				1C60F2402BCB8AF200DA46A9 /* Fonts.swift in Sources */,
				1C60F22A2BCB895000DA46A9 /* WidthGap.swift in Sources */,
				1C60F2682BCBAC2D00DA46A9 /* Evolution.swift in Sources */,
				1C60F2222BCB888A00DA46A9 /* RouterView.swift in Sources */,
				1C60F2422BCB8B2400DA46A9 /* Colors.swift in Sources */,
				1C60F24A2BCB8C6200DA46A9 /* Energy.swift in Sources */,
				1C60F20C2BCB874000DA46A9 /* ContentView.swift in Sources */,
				1C60F2562BCB9C6700DA46A9 /* GlassDeckCreator.swift in Sources */,
				1C60F2892BCBC3E600DA46A9 /* TrainersUICard.swift in Sources */,
				1C60F2642BCBAB5B00DA46A9 /* PokemonCard.swift in Sources */,
				1C60F2332BCB8A0300DA46A9 /* OpponentBattleZone.swift in Sources */,
				1C60F24E2BCB8CBF00DA46A9 /* IDeckCreator.swift in Sources */,
				1C60F2522BCB9AA100DA46A9 /* FireDeckCreator.swift in Sources */,
				1C60F25E2BCB9F2D00DA46A9 /* DeckType.swift in Sources */,
				1C60F2622BCBA9EE00DA46A9 /* PokemonCardProvider.swift in Sources */,
				1C60F2582BCB9D1A00DA46A9 /* ElectricDeckCreator.swift in Sources */,
				1C60F23A2BCB8A7200DA46A9 /* Hexagon.swift in Sources */,
				1C60F2482BCB8C4C00DA46A9 /* Card.swift in Sources */,
				1C60F22C2BCB899200DA46A9 /* MyBattleZone.swift in Sources */,
				1C60F28E2BCBDC3100DA46A9 /* PokemonCardConverter.swift in Sources */,
				1C60F2362BCB8A2500DA46A9 /* OpponentBench.swift in Sources */,
				1C60F2852BCBC1D000DA46A9 /* PokemonUICard.swift in Sources */,
				1C60F26C2BCBAE7500DA46A9 /* MoveProvider.swift in Sources */,
				1C60F2462BCB8B8100DA46A9 /* CardViewModel.swift in Sources */,
				1C60F2302BCB89E300DA46A9 /* MyHand.swift in Sources */,
				1C60F25C2BCB9EFF00DA46A9 /* DeckCreatorFactory.swift in Sources */,
				1C60F23C2BCB8A9800DA46A9 /* RadiusButton.swift in Sources */,
				1C60F2772BCBB31400DA46A9 /* EnergyCardProvider.swift in Sources */,
				1C60F2242BCB88BA00DA46A9 /* BattleView.swift in Sources */,
				1C60F2442BCB8B3D00DA46A9 /* Sizes.swift in Sources */,
				1C60F24C2BCB8C6F00DA46A9 /* ViewType.swift in Sources */,
				1C60F2872BCBC36200DA46A9 /* EnergyUICard.swift in Sources */,
				1C60F2262BCB88C600DA46A9 /* HomeView.swift in Sources */,
				1C60F2752BCBB28400DA46A9 /* EnergyCardData.swift in Sources */,
				1C60F2902BCBE6F900DA46A9 /* BenchModel.swift in Sources */,
				1C60F2792BCBB8BA00DA46A9 /* TrainersCard.swift in Sources */,
				1C60F2712BCBAF7000DA46A9 /* PokemonCardData.swift in Sources */,
				1C60F22E2BCB89C300DA46A9 /* MyBench.swift in Sources */,
				1C60F2732BCBB22200DA46A9 /* EnergyCard.swift in Sources */,
				1C60F26F2BCBAED100DA46A9 /* MoveData.swift in Sources */,
				1C60F25A2BCB9DF200DA46A9 /* FightingDeckCreator.swift in Sources */,
				1C60F2382BCB8A4800DA46A9 /* OpponentHand.swift in Sources */,
				1C60F20A2BCB874000DA46A9 /* PCGApp.swift in Sources */,
				1C60F26A2BCBAC8600DA46A9 /* PokemonCardCategory.swift in Sources */,
				1C60F27D2BCBBA1200DA46A9 /* TrainersCardData.swift in Sources */,
				1C60F28B2BCBC51B00DA46A9 /* BattleZoneModel.swift in Sources */,
				1C60F2602BCBA3AE00DA46A9 /* DeckModel.swift in Sources */,
				1C60F2282BCB88E800DA46A9 /* HeightGap.swift in Sources */,
				1C60F2502BCB8F2C00DA46A9 /* CardCategory.swift in Sources */,
				1C60F27F2BCBBAD200DA46A9 /* TrainersEffectiveData.swift in Sources */,
				1C60F2812BCBBBBA00DA46A9 /* TrainersEffectiveProvider.swift in Sources */,
				1C60F2542BCB9B7300DA46A9 /* WaterDeckCreator.swift in Sources */,
			);
			runOnlyForDeploymentPostprocessing = 0;
		};
/* End PBXSourcesBuildPhase section */

/* Begin XCBuildConfiguration section */
		1C60F2122BCB874300DA46A9 /* Debug */ = {
			isa = XCBuildConfiguration;
			buildSettings = {
				ALWAYS_SEARCH_USER_PATHS = NO;
				ASSETCATALOG_COMPILER_GENERATE_SWIFT_ASSET_SYMBOL_EXTENSIONS = YES;
				CLANG_ANALYZER_NONNULL = YES;
				CLANG_ANALYZER_NUMBER_OBJECT_CONVERSION = YES_AGGRESSIVE;
				CLANG_CXX_LANGUAGE_STANDARD = "gnu++20";
				CLANG_ENABLE_MODULES = YES;
				CLANG_ENABLE_OBJC_ARC = YES;
				CLANG_ENABLE_OBJC_WEAK = YES;
				CLANG_WARN_BLOCK_CAPTURE_AUTORELEASING = YES;
				CLANG_WARN_BOOL_CONVERSION = YES;
				CLANG_WARN_COMMA = YES;
				CLANG_WARN_CONSTANT_CONVERSION = YES;
				CLANG_WARN_DEPRECATED_OBJC_IMPLEMENTATIONS = YES;
				CLANG_WARN_DIRECT_OBJC_ISA_USAGE = YES_ERROR;
				CLANG_WARN_DOCUMENTATION_COMMENTS = YES;
				CLANG_WARN_EMPTY_BODY = YES;
				CLANG_WARN_ENUM_CONVERSION = YES;
				CLANG_WARN_INFINITE_RECURSION = YES;
				CLANG_WARN_INT_CONVERSION = YES;
				CLANG_WARN_NON_LITERAL_NULL_CONVERSION = YES;
				CLANG_WARN_OBJC_IMPLICIT_RETAIN_SELF = YES;
				CLANG_WARN_OBJC_LITERAL_CONVERSION = YES;
				CLANG_WARN_OBJC_ROOT_CLASS = YES_ERROR;
				CLANG_WARN_QUOTED_INCLUDE_IN_FRAMEWORK_HEADER = YES;
				CLANG_WARN_RANGE_LOOP_ANALYSIS = YES;
				CLANG_WARN_STRICT_PROTOTYPES = YES;
				CLANG_WARN_SUSPICIOUS_MOVE = YES;
				CLANG_WARN_UNGUARDED_AVAILABILITY = YES_AGGRESSIVE;
				CLANG_WARN_UNREACHABLE_CODE = YES;
				CLANG_WARN__DUPLICATE_METHOD_MATCH = YES;
				COPY_PHASE_STRIP = NO;
				DEBUG_INFORMATION_FORMAT = dwarf;
				ENABLE_STRICT_OBJC_MSGSEND = YES;
				ENABLE_TESTABILITY = YES;
				ENABLE_USER_SCRIPT_SANDBOXING = YES;
				GCC_C_LANGUAGE_STANDARD = gnu17;
				GCC_DYNAMIC_NO_PIC = NO;
				GCC_NO_COMMON_BLOCKS = YES;
				GCC_OPTIMIZATION_LEVEL = 0;
				GCC_PREPROCESSOR_DEFINITIONS = (
					"DEBUG=1",
					"$(inherited)",
				);
				GCC_WARN_64_TO_32_BIT_CONVERSION = YES;
				GCC_WARN_ABOUT_RETURN_TYPE = YES_ERROR;
				GCC_WARN_UNDECLARED_SELECTOR = YES;
				GCC_WARN_UNINITIALIZED_AUTOS = YES_AGGRESSIVE;
				GCC_WARN_UNUSED_FUNCTION = YES;
				GCC_WARN_UNUSED_VARIABLE = YES;
				IPHONEOS_DEPLOYMENT_TARGET = 17.4;
				LOCALIZATION_PREFERS_STRING_CATALOGS = YES;
				MTL_ENABLE_DEBUG_INFO = INCLUDE_SOURCE;
				MTL_FAST_MATH = YES;
				ONLY_ACTIVE_ARCH = YES;
				SDKROOT = iphoneos;
				SWIFT_ACTIVE_COMPILATION_CONDITIONS = "DEBUG $(inherited)";
				SWIFT_OPTIMIZATION_LEVEL = "-Onone";
			};
			name = Debug;
		};
		1C60F2132BCB874300DA46A9 /* Release */ = {
			isa = XCBuildConfiguration;
			buildSettings = {
				ALWAYS_SEARCH_USER_PATHS = NO;
				ASSETCATALOG_COMPILER_GENERATE_SWIFT_ASSET_SYMBOL_EXTENSIONS = YES;
				CLANG_ANALYZER_NONNULL = YES;
				CLANG_ANALYZER_NUMBER_OBJECT_CONVERSION = YES_AGGRESSIVE;
				CLANG_CXX_LANGUAGE_STANDARD = "gnu++20";
				CLANG_ENABLE_MODULES = YES;
				CLANG_ENABLE_OBJC_ARC = YES;
				CLANG_ENABLE_OBJC_WEAK = YES;
				CLANG_WARN_BLOCK_CAPTURE_AUTORELEASING = YES;
				CLANG_WARN_BOOL_CONVERSION = YES;
				CLANG_WARN_COMMA = YES;
				CLANG_WARN_CONSTANT_CONVERSION = YES;
				CLANG_WARN_DEPRECATED_OBJC_IMPLEMENTATIONS = YES;
				CLANG_WARN_DIRECT_OBJC_ISA_USAGE = YES_ERROR;
				CLANG_WARN_DOCUMENTATION_COMMENTS = YES;
				CLANG_WARN_EMPTY_BODY = YES;
				CLANG_WARN_ENUM_CONVERSION = YES;
				CLANG_WARN_INFINITE_RECURSION = YES;
				CLANG_WARN_INT_CONVERSION = YES;
				CLANG_WARN_NON_LITERAL_NULL_CONVERSION = YES;
				CLANG_WARN_OBJC_IMPLICIT_RETAIN_SELF = YES;
				CLANG_WARN_OBJC_LITERAL_CONVERSION = YES;
				CLANG_WARN_OBJC_ROOT_CLASS = YES_ERROR;
				CLANG_WARN_QUOTED_INCLUDE_IN_FRAMEWORK_HEADER = YES;
				CLANG_WARN_RANGE_LOOP_ANALYSIS = YES;
				CLANG_WARN_STRICT_PROTOTYPES = YES;
				CLANG_WARN_SUSPICIOUS_MOVE = YES;
				CLANG_WARN_UNGUARDED_AVAILABILITY = YES_AGGRESSIVE;
				CLANG_WARN_UNREACHABLE_CODE = YES;
				CLANG_WARN__DUPLICATE_METHOD_MATCH = YES;
				COPY_PHASE_STRIP = NO;
				DEBUG_INFORMATION_FORMAT = "dwarf-with-dsym";
				ENABLE_NS_ASSERTIONS = NO;
				ENABLE_STRICT_OBJC_MSGSEND = YES;
				ENABLE_USER_SCRIPT_SANDBOXING = YES;
				GCC_C_LANGUAGE_STANDARD = gnu17;
				GCC_NO_COMMON_BLOCKS = YES;
				GCC_WARN_64_TO_32_BIT_CONVERSION = YES;
				GCC_WARN_ABOUT_RETURN_TYPE = YES_ERROR;
				GCC_WARN_UNDECLARED_SELECTOR = YES;
				GCC_WARN_UNINITIALIZED_AUTOS = YES_AGGRESSIVE;
				GCC_WARN_UNUSED_FUNCTION = YES;
				GCC_WARN_UNUSED_VARIABLE = YES;
				IPHONEOS_DEPLOYMENT_TARGET = 17.4;
				LOCALIZATION_PREFERS_STRING_CATALOGS = YES;
				MTL_ENABLE_DEBUG_INFO = NO;
				MTL_FAST_MATH = YES;
				SDKROOT = iphoneos;
				SWIFT_COMPILATION_MODE = wholemodule;
				VALIDATE_PRODUCT = YES;
			};
			name = Release;
		};
		1C60F2152BCB874300DA46A9 /* Debug */ = {
			isa = XCBuildConfiguration;
			buildSettings = {
				ASSETCATALOG_COMPILER_APPICON_NAME = AppIcon;
				ASSETCATALOG_COMPILER_GLOBAL_ACCENT_COLOR_NAME = AccentColor;
				CODE_SIGN_STYLE = Automatic;
				CURRENT_PROJECT_VERSION = 1;
				DEVELOPMENT_ASSET_PATHS = "\"PCG/Preview Content\"";
				DEVELOPMENT_TEAM = 723BPUSRT5;
				ENABLE_PREVIEWS = YES;
				GENERATE_INFOPLIST_FILE = YES;
				INFOPLIST_KEY_UIApplicationSceneManifest_Generation = YES;
				INFOPLIST_KEY_UIApplicationSupportsIndirectInputEvents = YES;
				INFOPLIST_KEY_UILaunchScreen_Generation = YES;
				INFOPLIST_KEY_UISupportedInterfaceOrientations_iPad = "UIInterfaceOrientationPortrait UIInterfaceOrientationPortraitUpsideDown UIInterfaceOrientationLandscapeLeft UIInterfaceOrientationLandscapeRight";
				INFOPLIST_KEY_UISupportedInterfaceOrientations_iPhone = "UIInterfaceOrientationPortrait UIInterfaceOrientationLandscapeLeft UIInterfaceOrientationLandscapeRight";
				LD_RUNPATH_SEARCH_PATHS = (
					"$(inherited)",
					"@executable_path/Frameworks",
				);
				MARKETING_VERSION = 1.0;
				PRODUCT_BUNDLE_IDENTIFIER = "No-Organization.PCG";
				PRODUCT_NAME = "$(TARGET_NAME)";
				SWIFT_EMIT_LOC_STRINGS = YES;
				SWIFT_VERSION = 5.0;
				TARGETED_DEVICE_FAMILY = "1,2";
			};
			name = Debug;
		};
		1C60F2162BCB874300DA46A9 /* Release */ = {
			isa = XCBuildConfiguration;
			buildSettings = {
				ASSETCATALOG_COMPILER_APPICON_NAME = AppIcon;
				ASSETCATALOG_COMPILER_GLOBAL_ACCENT_COLOR_NAME = AccentColor;
				CODE_SIGN_STYLE = Automatic;
				CURRENT_PROJECT_VERSION = 1;
				DEVELOPMENT_ASSET_PATHS = "\"PCG/Preview Content\"";
				DEVELOPMENT_TEAM = 723BPUSRT5;
				ENABLE_PREVIEWS = YES;
				GENERATE_INFOPLIST_FILE = YES;
				INFOPLIST_KEY_UIApplicationSceneManifest_Generation = YES;
				INFOPLIST_KEY_UIApplicationSupportsIndirectInputEvents = YES;
				INFOPLIST_KEY_UILaunchScreen_Generation = YES;
				INFOPLIST_KEY_UISupportedInterfaceOrientations_iPad = "UIInterfaceOrientationPortrait UIInterfaceOrientationPortraitUpsideDown UIInterfaceOrientationLandscapeLeft UIInterfaceOrientationLandscapeRight";
				INFOPLIST_KEY_UISupportedInterfaceOrientations_iPhone = "UIInterfaceOrientationPortrait UIInterfaceOrientationLandscapeLeft UIInterfaceOrientationLandscapeRight";
				LD_RUNPATH_SEARCH_PATHS = (
					"$(inherited)",
					"@executable_path/Frameworks",
				);
				MARKETING_VERSION = 1.0;
				PRODUCT_BUNDLE_IDENTIFIER = "No-Organization.PCG";
				PRODUCT_NAME = "$(TARGET_NAME)";
				SWIFT_EMIT_LOC_STRINGS = YES;
				SWIFT_VERSION = 5.0;
				TARGETED_DEVICE_FAMILY = "1,2";
			};
			name = Release;
		};
/* End XCBuildConfiguration section */

/* Begin XCConfigurationList section */
		1C60F2012BCB874000DA46A9 /* Build configuration list for PBXProject "PCG" */ = {
			isa = XCConfigurationList;
			buildConfigurations = (
				1C60F2122BCB874300DA46A9 /* Debug */,
				1C60F2132BCB874300DA46A9 /* Release */,
			);
			defaultConfigurationIsVisible = 0;
			defaultConfigurationName = Release;
		};
		1C60F2142BCB874300DA46A9 /* Build configuration list for PBXNativeTarget "PCG" */ = {
			isa = XCConfigurationList;
			buildConfigurations = (
				1C60F2152BCB874300DA46A9 /* Debug */,
				1C60F2162BCB874300DA46A9 /* Release */,
			);
			defaultConfigurationIsVisible = 0;
			defaultConfigurationName = Release;
		};
/* End XCConfigurationList section */
	};
	rootObject = 1C60F1FE2BCB874000DA46A9 /* Project object */;
}
